
Microsoft Visual Studio Solution File, Format Version 12.00
# Visual Studio 15
VisualStudioVersion = 15.0.27413.0
MinimumVisualStudioVersion = 10.0.40219.1
Project("{9A19103F-16F7-4668-BE54-9A1E7A4F7556}") = "TagHelperSuite", "TagHelperSuite\TagHelperSuite.csproj", "{AD3EDF1C-DA41-4588-8A7C-505E85000414}"
EndProject
Project("{9A19103F-16F7-4668-BE54-9A1E7A4F7556}") = "TagHelperSuite.Sample", "TagHelperSuite.Sample\TagHelperSuite.Sample.csproj", "{0739A280-7CD4-473D-9070-5ED19CF24453}"
EndProject
Project("{9A19103F-16F7-4668-BE54-9A1E7A4F7556}") = "TagHelperSuite.Tests", "TagHelperSuite.Tests\TagHelperSuite.Tests.csproj", "{1F92A833-3F94-4BA7-A2B1-3BD7299D8FBF}"
EndProject
Global
	GlobalSection(SolutionConfigurationPlatforms) = preSolution
		Debug|Any CPU = Debug|Any CPU
		Release|Any CPU = Release|Any CPU
	EndGlobalSection
	GlobalSection(ProjectConfigurationPlatforms) = postSolution
		{AD3EDF1C-DA41-4588-8A7C-505E85000414}.Debug|Any CPU.ActiveCfg = Debug|Any CPU
		{AD3EDF1C-DA41-4588-8A7C-505E85000414}.Debug|Any CPU.Build.0 = Debug|Any CPU
		{AD3EDF1C-DA41-4588-8A7C-505E85000414}.Release|Any CPU.ActiveCfg = Release|Any CPU
		{AD3EDF1C-DA41-4588-8A7C-505E85000414}.Release|Any CPU.Build.0 = Release|Any CPU
		{0739A280-7CD4-473D-9070-5ED19CF24453}.Debug|Any CPU.ActiveCfg = Debug|Any CPU
		{0739A280-7CD4-473D-9070-5ED19CF24453}.Debug|Any CPU.Build.0 = Debug|Any CPU
		{0739A280-7CD4-473D-9070-5ED19CF24453}.Release|Any CPU.ActiveCfg = Release|Any CPU
		{0739A280-7CD4-473D-9070-5ED19CF24453}.Release|Any CPU.Build.0 = Release|Any CPU
		{1F92A833-3F94-4BA7-A2B1-3BD7299D8FBF}.Debug|Any CPU.ActiveCfg = Debug|Any CPU
		{1F92A833-3F94-4BA7-A2B1-3BD7299D8FBF}.Debug|Any CPU.Build.0 = Debug|Any CPU
		{1F92A833-3F94-4BA7-A2B1-3BD7299D8FBF}.Release|Any CPU.ActiveCfg = Release|Any CPU
		{1F92A833-3F94-4BA7-A2B1-3BD7299D8FBF}.Release|Any CPU.Build.0 = Release|Any CPU
	EndGlobalSection
	GlobalSection(SolutionProperties) = preSolution
		HideSolutionNode = FALSE
	EndGlobalSection
	GlobalSection(ExtensibilityGlobals) = postSolution
		SolutionGuid = {AF21F1BF-2C4E-4BC0-B0D5-AA0EA63EBA45}
	EndGlobalSection
EndGlobal
