
Microsoft Visual Studio Solution File, Format Version 12.00
# Visual Studio 15
VisualStudioVersion = 15.0.27413.0
MinimumVisualStudioVersion = 10.0.40219.1
Project("{FAE04EC0-301F-11D3-BF4B-00C04F79EFBC}") = "TagHelperSuite", "TagHelperSuite\TagHelperSuite.csproj", "{AD3EDF1C-DA41-4588-8A7C-505E85000414}"
EndProject
Project("{FAE04EC0-301F-11D3-BF4B-00C04F79EFBC}") = "TagHelperSuite.Tests", "..\TagHelperSuite.Tests\TagHelperSuite.Tests.csproj", "{878D74F1-DE61-435E-B78B-3DDBD84213BE}"
EndProject
Project("{FAE04EC0-301F-11D3-BF4B-00C04F79EFBC}") = "TagHelperSuite.Sample", "TagHelperSuite.Sample\TagHelperSuite.Sample.csproj", "{0739A280-7CD4-473D-9070-5ED19CF24453}"
EndProject
Global
	GlobalSection(SolutionConfigurationPlatforms) = preSolution
		Debug|Any CPU = Debug|Any CPU
		Release|Any CPU = Release|Any CPU
	EndGlobalSection
	GlobalSection(ProjectConfigurationPlatforms) = postSolution
		{AD3EDF1C-DA41-4588-8A7C-505E85000414}.Debug|Any CPU.ActiveCfg = Debug|Any CPU
		{AD3EDF1C-DA41-4588-8A7C-505E85000414}.Debug|Any CPU.Build.0 = Debug|Any CPU
		{AD3EDF1C-DA41-4588-8A7C-505E85000414}.Release|Any CPU.ActiveCfg = Release|Any CPU
		{AD3EDF1C-DA41-4588-8A7C-505E85000414}.Release|Any CPU.Build.0 = Release|Any CPU
		{878D74F1-DE61-435E-B78B-3DDBD84213BE}.Debug|Any CPU.ActiveCfg = Debug|Any CPU
		{878D74F1-DE61-435E-B78B-3DDBD84213BE}.Debug|Any CPU.Build.0 = Debug|Any CPU
		{878D74F1-DE61-435E-B78B-3DDBD84213BE}.Release|Any CPU.ActiveCfg = Release|Any CPU
		{878D74F1-DE61-435E-B78B-3DDBD84213BE}.Release|Any CPU.Build.0 = Release|Any CPU
		{0739A280-7CD4-473D-9070-5ED19CF24453}.Debug|Any CPU.ActiveCfg = Debug|Any CPU
		{0739A280-7CD4-473D-9070-5ED19CF24453}.Debug|Any CPU.Build.0 = Debug|Any CPU
		{0739A280-7CD4-473D-9070-5ED19CF24453}.Release|Any CPU.ActiveCfg = Release|Any CPU
		{0739A280-7CD4-473D-9070-5ED19CF24453}.Release|Any CPU.Build.0 = Release|Any CPU
	EndGlobalSection
	GlobalSection(SolutionProperties) = preSolution
		HideSolutionNode = FALSE
	EndGlobalSection
	GlobalSection(ExtensibilityGlobals) = postSolution
		SolutionGuid = {AF21F1BF-2C4E-4BC0-B0D5-AA0EA63EBA45}
	EndGlobalSection
EndGlobal
